
Microsoft Visual Studio Solution File, Format Version 12.00
# Visual Studio Version 16
VisualStudioVersion = 16.0.30611.23
MinimumVisualStudioVersion = 10.0.40219.1
Project("{9A19103F-16F7-4668-BE54-9A1E7A4F7556}") = "Oblig1Test", "Oblig1Test\Oblig1Test.csproj", "{A8E8DDFB-2691-4E8B-90DE-88FEA9F713AA}"
EndProject
Project("{FAE04EC0-301F-11D3-BF4B-00C04F79EFBC}") = "ObligTester", "ObligTester\ObligTester.csproj", "{AA7B1808-DEE8-4E2D-8A97-8D1507B1E977}"
EndProject
Global
	GlobalSection(SolutionConfigurationPlatforms) = preSolution
		Debug|Any CPU = Debug|Any CPU
		Release|Any CPU = Release|Any CPU
	EndGlobalSection
	GlobalSection(ProjectConfigurationPlatforms) = postSolution
		{A8E8DDFB-2691-4E8B-90DE-88FEA9F713AA}.Debug|Any CPU.ActiveCfg = Debug|Any CPU
		{A8E8DDFB-2691-4E8B-90DE-88FEA9F713AA}.Debug|Any CPU.Build.0 = Debug|Any CPU
		{A8E8DDFB-2691-4E8B-90DE-88FEA9F713AA}.Release|Any CPU.ActiveCfg = Release|Any CPU
		{A8E8DDFB-2691-4E8B-90DE-88FEA9F713AA}.Release|Any CPU.Build.0 = Release|Any CPU
		{AA7B1808-DEE8-4E2D-8A97-8D1507B1E977}.Debug|Any CPU.ActiveCfg = Debug|Any CPU
		{AA7B1808-DEE8-4E2D-8A97-8D1507B1E977}.Debug|Any CPU.Build.0 = Debug|Any CPU
		{AA7B1808-DEE8-4E2D-8A97-8D1507B1E977}.Release|Any CPU.ActiveCfg = Release|Any CPU
		{AA7B1808-DEE8-4E2D-8A97-8D1507B1E977}.Release|Any CPU.Build.0 = Release|Any CPU
	EndGlobalSection
	GlobalSection(SolutionProperties) = preSolution
		HideSolutionNode = FALSE
	EndGlobalSection
	GlobalSection(ExtensibilityGlobals) = postSolution
		SolutionGuid = {99C3F24A-CACB-4037-9CC0-91FB863507F1}
	EndGlobalSection
EndGlobal
