
Microsoft Visual Studio Solution File, Format Version 12.00
# Visual Studio Version 16
VisualStudioVersion = 16.0.30611.23
MinimumVisualStudioVersion = 10.0.40219.1
Project("{9A19103F-16F7-4668-BE54-9A1E7A4F7556}") = "Oblig1", "Oblig1\Oblig1.csproj", "{83770E55-CA82-4E24-9414-65495968EDCB}"
EndProject
Global
	GlobalSection(SolutionConfigurationPlatforms) = preSolution
		Debug|Any CPU = Debug|Any CPU
		Release|Any CPU = Release|Any CPU
	EndGlobalSection
	GlobalSection(ProjectConfigurationPlatforms) = postSolution
		{83770E55-CA82-4E24-9414-65495968EDCB}.Debug|Any CPU.ActiveCfg = Debug|Any CPU
		{83770E55-CA82-4E24-9414-65495968EDCB}.Debug|Any CPU.Build.0 = Debug|Any CPU
		{83770E55-CA82-4E24-9414-65495968EDCB}.Release|Any CPU.ActiveCfg = Release|Any CPU
		{83770E55-CA82-4E24-9414-65495968EDCB}.Release|Any CPU.Build.0 = Release|Any CPU
	EndGlobalSection
	GlobalSection(SolutionProperties) = preSolution
		HideSolutionNode = FALSE
	EndGlobalSection
	GlobalSection(ExtensibilityGlobals) = postSolution
		SolutionGuid = {97DF8E11-4939-468B-BF8E-D11298A7B15E}
	EndGlobalSection
EndGlobal
