
Microsoft Visual Studio Solution File, Format Version 12.00
# Visual Studio Version 16
VisualStudioVersion = 16.0.30611.23
MinimumVisualStudioVersion = 10.0.40219.1
Project("{FAE04EC0-301F-11D3-BF4B-00C04F79EFBC}") = "Pomodoro", "Pomodoro\Pomodoro.csproj", "{C94DFF22-3B6F-4B63-BA46-D62E4E141E66}"
EndProject
Global
	GlobalSection(SolutionConfigurationPlatforms) = preSolution
		Debug|Any CPU = Debug|Any CPU
		Release|Any CPU = Release|Any CPU
	EndGlobalSection
	GlobalSection(ProjectConfigurationPlatforms) = postSolution
		{C94DFF22-3B6F-4B63-BA46-D62E4E141E66}.Debug|Any CPU.ActiveCfg = Debug|Any CPU
		{C94DFF22-3B6F-4B63-BA46-D62E4E141E66}.Debug|Any CPU.Build.0 = Debug|Any CPU
		{C94DFF22-3B6F-4B63-BA46-D62E4E141E66}.Release|Any CPU.ActiveCfg = Release|Any CPU
		{C94DFF22-3B6F-4B63-BA46-D62E4E141E66}.Release|Any CPU.Build.0 = Release|Any CPU
	EndGlobalSection
	GlobalSection(SolutionProperties) = preSolution
		HideSolutionNode = FALSE
	EndGlobalSection
	GlobalSection(ExtensibilityGlobals) = postSolution
		SolutionGuid = {67239A45-9EF7-4798-979D-C15CF62DB7AC}
	EndGlobalSection
EndGlobal
